
Microsoft Visual Studio Solution File, Format Version 12.00
# Visual Studio Version 16
VisualStudioVersion = 16.0.30011.22
MinimumVisualStudioVersion = 10.0.40219.1
Project("{FAE04EC0-301F-11D3-BF4B-00C04F79EFBC}") = "PsDevs", "PsDevs.csproj", "{ECA78E49-9A82-4B2F-A040-B580A060CE08}"
EndProject
Global
	GlobalSection(SolutionConfigurationPlatforms) = preSolution
		Debug|Any CPU = Debug|Any CPU
		Release|Any CPU = Release|Any CPU
	EndGlobalSection
	GlobalSection(ProjectConfigurationPlatforms) = postSolution
		{ECA78E49-9A82-4B2F-A040-B580A060CE08}.Debug|Any CPU.ActiveCfg = Debug|Any CPU
		{ECA78E49-9A82-4B2F-A040-B580A060CE08}.Debug|Any CPU.Build.0 = Debug|Any CPU
		{ECA78E49-9A82-4B2F-A040-B580A060CE08}.Release|Any CPU.ActiveCfg = Release|Any CPU
		{ECA78E49-9A82-4B2F-A040-B580A060CE08}.Release|Any CPU.Build.0 = Release|Any CPU
	EndGlobalSection
	GlobalSection(SolutionProperties) = preSolution
		HideSolutionNode = FALSE
	EndGlobalSection
	GlobalSection(ExtensibilityGlobals) = postSolution
		SolutionGuid = {775A0700-A031-47F8-9FF4-23D35CD3E805}
	EndGlobalSection
EndGlobal
